
Microsoft Visual Studio Solution File, Format Version 12.00
# Visual Studio Version 17
VisualStudioVersion = 17.5.002.0
MinimumVisualStudioVersion = 10.0.40219.1
Project("{9A19103F-16F7-4668-BE54-9A1E7A4F7556}") = "az204-cosmos", "az204-cosmos.csproj", "{CDB8F0DD-31FA-4013-9A4C-6539964F9E9B}"
EndProject
Global
	GlobalSection(SolutionConfigurationPlatforms) = preSolution
		Debug|Any CPU = Debug|Any CPU
		Release|Any CPU = Release|Any CPU
	EndGlobalSection
	GlobalSection(ProjectConfigurationPlatforms) = postSolution
		{CDB8F0DD-31FA-4013-9A4C-6539964F9E9B}.Debug|Any CPU.ActiveCfg = Debug|Any CPU
		{CDB8F0DD-31FA-4013-9A4C-6539964F9E9B}.Debug|Any CPU.Build.0 = Debug|Any CPU
		{CDB8F0DD-31FA-4013-9A4C-6539964F9E9B}.Release|Any CPU.ActiveCfg = Release|Any CPU
		{CDB8F0DD-31FA-4013-9A4C-6539964F9E9B}.Release|Any CPU.Build.0 = Release|Any CPU
	EndGlobalSection
	GlobalSection(SolutionProperties) = preSolution
		HideSolutionNode = FALSE
	EndGlobalSection
	GlobalSection(ExtensibilityGlobals) = postSolution
		SolutionGuid = {F1F464A8-0EFB-4493-BA2B-818E9194FF77}
	EndGlobalSection
EndGlobal
